// !$*UTF8*$!
{
	archiveVersion = 1;
	classes = {
	};
	objectVersion = 46;
	objects = {

/* Begin PBXBuildFile section */
		23C7D8B81C9356AC00FE77A3 /* AppDelegate.swift in Sources */ = {isa = PBXBuildFile; fileRef = 23C7D8B71C9356AC00FE77A3 /* AppDelegate.swift */; };
		23C7D8BA1C9356AC00FE77A3 /* ViewController.swift in Sources */ = {isa = PBXBuildFile; fileRef = 23C7D8B91C9356AC00FE77A3 /* ViewController.swift */; };
		23C7D8BD1C9356AC00FE77A3 /* Main.storyboard in Resources */ = {isa = PBXBuildFile; fileRef = 23C7D8BB1C9356AC00FE77A3 /* Main.storyboard */; };
		23C7D8BF1C9356AC00FE77A3 /* Assets.xcassets in Resources */ = {isa = PBXBuildFile; fileRef = 23C7D8BE1C9356AC00FE77A3 /* Assets.xcassets */; };
		23C7D8C21C9356AC00FE77A3 /* LaunchScreen.storyboard in Resources */ = {isa = PBXBuildFile; fileRef = 23C7D8C01C9356AC00FE77A3 /* LaunchScreen.storyboard */; };
		23C7D8CE1C93674900FE77A3 /* APIManager.swift in Sources */ = {isa = PBXBuildFile; fileRef = 23C7D8CD1C93674900FE77A3 /* APIManager.swift */; };
		23C7D8D11C94DC7500FE77A3 /* Constants.swift in Sources */ = {isa = PBXBuildFile; fileRef = 23C7D8D01C94DC7500FE77A3 /* Constants.swift */; };
		23C7D8D31C94DF5600FE77A3 /* MusicVideos.swift in Sources */ = {isa = PBXBuildFile; fileRef = 23C7D8D21C94DF5600FE77A3 /* MusicVideos.swift */; };
		23C7D8D81C97218300FE77A3 /* Reachability.m in Sources */ = {isa = PBXBuildFile; fileRef = 23C7D8D71C97218300FE77A3 /* Reachability.m */; };
/* End PBXBuildFile section */

/* Begin PBXFileReference section */
		23C7D8B41C9356AC00FE77A3 /* MusicVideos.app */ = {isa = PBXFileReference; explicitFileType = wrapper.application; includeInIndex = 0; path = MusicVideos.app; sourceTree = BUILT_PRODUCTS_DIR; };
		23C7D8B71C9356AC00FE77A3 /* AppDelegate.swift */ = {isa = PBXFileReference; lastKnownFileType = sourcecode.swift; path = AppDelegate.swift; sourceTree = "<group>"; };
		23C7D8B91C9356AC00FE77A3 /* ViewController.swift */ = {isa = PBXFileReference; lastKnownFileType = sourcecode.swift; path = ViewController.swift; sourceTree = "<group>"; };
		23C7D8BC1C9356AC00FE77A3 /* Base */ = {isa = PBXFileReference; lastKnownFileType = file.storyboard; name = Base; path = Base.lproj/Main.storyboard; sourceTree = "<group>"; };
		23C7D8BE1C9356AC00FE77A3 /* Assets.xcassets */ = {isa = PBXFileReference; lastKnownFileType = folder.assetcatalog; path = Assets.xcassets; sourceTree = "<group>"; };
		23C7D8C11C9356AC00FE77A3 /* Base */ = {isa = PBXFileReference; lastKnownFileType = file.storyboard; name = Base; path = Base.lproj/LaunchScreen.storyboard; sourceTree = "<group>"; };
		23C7D8C31C9356AC00FE77A3 /* Info.plist */ = {isa = PBXFileReference; lastKnownFileType = text.plist.xml; path = Info.plist; sourceTree = "<group>"; };
		23C7D8CD1C93674900FE77A3 /* APIManager.swift */ = {isa = PBXFileReference; fileEncoding = 4; lastKnownFileType = sourcecode.swift; path = APIManager.swift; sourceTree = "<group>"; };
		23C7D8D01C94DC7500FE77A3 /* Constants.swift */ = {isa = PBXFileReference; fileEncoding = 4; lastKnownFileType = sourcecode.swift; path = Constants.swift; sourceTree = "<group>"; };
		23C7D8D21C94DF5600FE77A3 /* MusicVideos.swift */ = {isa = PBXFileReference; fileEncoding = 4; lastKnownFileType = sourcecode.swift; path = MusicVideos.swift; sourceTree = "<group>"; };
		23C7D8D51C97218200FE77A3 /* MusicVideos-Bridging-Header.h */ = {isa = PBXFileReference; lastKnownFileType = sourcecode.c.h; path = "MusicVideos-Bridging-Header.h"; sourceTree = "<group>"; };
		23C7D8D61C97218300FE77A3 /* Reachability.h */ = {isa = PBXFileReference; fileEncoding = 4; lastKnownFileType = sourcecode.c.h; path = Reachability.h; sourceTree = "<group>"; };
		23C7D8D71C97218300FE77A3 /* Reachability.m */ = {isa = PBXFileReference; fileEncoding = 4; lastKnownFileType = sourcecode.c.objc; path = Reachability.m; sourceTree = "<group>"; };
/* End PBXFileReference section */

/* Begin PBXFrameworksBuildPhase section */
		23C7D8B11C9356AC00FE77A3 /* Frameworks */ = {
			isa = PBXFrameworksBuildPhase;
			buildActionMask = 2147483647;
			files = (
			);
			runOnlyForDeploymentPostprocessing = 0;
		};
/* End PBXFrameworksBuildPhase section */

/* Begin PBXGroup section */
		23C7D8AB1C9356AC00FE77A3 = {
			isa = PBXGroup;
			children = (
				23C7D8B61C9356AC00FE77A3 /* MusicVideos */,
				23C7D8B51C9356AC00FE77A3 /* Products */,
			);
			sourceTree = "<group>";
		};
		23C7D8B51C9356AC00FE77A3 /* Products */ = {
			isa = PBXGroup;
			children = (
				23C7D8B41C9356AC00FE77A3 /* MusicVideos.app */,
			);
			name = Products;
			sourceTree = "<group>";
		};
		23C7D8B61C9356AC00FE77A3 /* MusicVideos */ = {
			isa = PBXGroup;
			children = (
				23C7D8D41C9720C400FE77A3 /* Obj-C */,
				23C7D8CF1C94DC6200FE77A3 /* Utils */,
				23C7D8C91C93601800FE77A3 /* Model */,
				23C7D8CA1C93602000FE77A3 /* View */,
				23C7D8CB1C93603200FE77A3 /* Controller */,
				23C7D8CC1C93609900FE77A3 /* Supporting Files */,
			);
			path = MusicVideos;
			sourceTree = "<group>";
		};
		23C7D8C91C93601800FE77A3 /* Model */ = {
			isa = PBXGroup;
			children = (
				23C7D8CD1C93674900FE77A3 /* APIManager.swift */,
				23C7D8D21C94DF5600FE77A3 /* MusicVideos.swift */,
			);
			name = Model;
			sourceTree = "<group>";
		};
		23C7D8CA1C93602000FE77A3 /* View */ = {
			isa = PBXGroup;
			children = (
				23C7D8BB1C9356AC00FE77A3 /* Main.storyboard */,
				23C7D8C01C9356AC00FE77A3 /* LaunchScreen.storyboard */,
			);
			name = View;
			sourceTree = "<group>";
		};
		23C7D8CB1C93603200FE77A3 /* Controller */ = {
			isa = PBXGroup;
			children = (
				23C7D8B91C9356AC00FE77A3 /* ViewController.swift */,
			);
			name = Controller;
			sourceTree = "<group>";
		};
		23C7D8CC1C93609900FE77A3 /* Supporting Files */ = {
			isa = PBXGroup;
			children = (
				23C7D8B71C9356AC00FE77A3 /* AppDelegate.swift */,
				23C7D8C31C9356AC00FE77A3 /* Info.plist */,
				23C7D8BE1C9356AC00FE77A3 /* Assets.xcassets */,
			);
			name = "Supporting Files";
			sourceTree = "<group>";
		};
		23C7D8CF1C94DC6200FE77A3 /* Utils */ = {
			isa = PBXGroup;
			children = (
				23C7D8D01C94DC7500FE77A3 /* Constants.swift */,
			);
			name = Utils;
			sourceTree = "<group>";
		};
		23C7D8D41C9720C400FE77A3 /* Obj-C */ = {
			isa = PBXGroup;
			children = (
				23C7D8D61C97218300FE77A3 /* Reachability.h */,
				23C7D8D71C97218300FE77A3 /* Reachability.m */,
				23C7D8D51C97218200FE77A3 /* MusicVideos-Bridging-Header.h */,
			);
			name = "Obj-C";
			sourceTree = "<group>";
		};
/* End PBXGroup section */

/* Begin PBXNativeTarget section */
		23C7D8B31C9356AC00FE77A3 /* MusicVideos */ = {
			isa = PBXNativeTarget;
			buildConfigurationList = 23C7D8C61C9356AC00FE77A3 /* Build configuration list for PBXNativeTarget "MusicVideos" */;
			buildPhases = (
				23C7D8B01C9356AC00FE77A3 /* Sources */,
				23C7D8B11C9356AC00FE77A3 /* Frameworks */,
				23C7D8B21C9356AC00FE77A3 /* Resources */,
			);
			buildRules = (
			);
			dependencies = (
			);
			name = MusicVideos;
			productName = MusicVideos;
			productReference = 23C7D8B41C9356AC00FE77A3 /* MusicVideos.app */;
			productType = "com.apple.product-type.application";
		};
/* End PBXNativeTarget section */

/* Begin PBXProject section */
		23C7D8AC1C9356AC00FE77A3 /* Project object */ = {
			isa = PBXProject;
			attributes = {
				LastSwiftUpdateCheck = 0720;
				LastUpgradeCheck = 0720;
				ORGANIZATIONNAME = "Milen Chavdarov";
				TargetAttributes = {
					23C7D8B31C9356AC00FE77A3 = {
						CreatedOnToolsVersion = 7.2.1;
						DevelopmentTeam = 7L5PXC9TKZ;
					};
				};
			};
			buildConfigurationList = 23C7D8AF1C9356AC00FE77A3 /* Build configuration list for PBXProject "MusicVideos" */;
			compatibilityVersion = "Xcode 3.2";
			developmentRegion = English;
			hasScannedForEncodings = 0;
			knownRegions = (
				en,
				Base,
			);
			mainGroup = 23C7D8AB1C9356AC00FE77A3;
			productRefGroup = 23C7D8B51C9356AC00FE77A3 /* Products */;
			projectDirPath = "";
			projectRoot = "";
			targets = (
				23C7D8B31C9356AC00FE77A3 /* MusicVideos */,
			);
		};
/* End PBXProject section */

/* Begin PBXResourcesBuildPhase section */
		23C7D8B21C9356AC00FE77A3 /* Resources */ = {
			isa = PBXResourcesBuildPhase;
			buildActionMask = 2147483647;
			files = (
				23C7D8C21C9356AC00FE77A3 /* LaunchScreen.storyboard in Resources */,
				23C7D8BF1C9356AC00FE77A3 /* Assets.xcassets in Resources */,
				23C7D8BD1C9356AC00FE77A3 /* Main.storyboard in Resources */,
			);
			runOnlyForDeploymentPostprocessing = 0;
		};
/* End PBXResourcesBuildPhase section */

/* Begin PBXSourcesBuildPhase section */
		23C7D8B01C9356AC00FE77A3 /* Sources */ = {
			isa = PBXSourcesBuildPhase;
			buildActionMask = 2147483647;
			files = (
				23C7D8D31C94DF5600FE77A3 /* MusicVideos.swift in Sources */,
				23C7D8CE1C93674900FE77A3 /* APIManager.swift in Sources */,
				23C7D8BA1C9356AC00FE77A3 /* ViewController.swift in Sources */,
				23C7D8B81C9356AC00FE77A3 /* AppDelegate.swift in Sources */,
				23C7D8D81C97218300FE77A3 /* Reachability.m in Sources */,
				23C7D8D11C94DC7500FE77A3 /* Constants.swift in Sources */,
			);
			runOnlyForDeploymentPostprocessing = 0;
		};
/* End PBXSourcesBuildPhase section */

/* Begin PBXVariantGroup section */
		23C7D8BB1C9356AC00FE77A3 /* Main.storyboard */ = {
			isa = PBXVariantGroup;
			children = (
				23C7D8BC1C9356AC00FE77A3 /* Base */,
			);
			name = Main.storyboard;
			sourceTree = "<group>";
		};
		23C7D8C01C9356AC00FE77A3 /* LaunchScreen.storyboard */ = {
			isa = PBXVariantGroup;
			children = (
				23C7D8C11C9356AC00FE77A3 /* Base */,
			);
			name = LaunchScreen.storyboard;
			sourceTree = "<group>";
		};
/* End PBXVariantGroup section */

/* Begin XCBuildConfiguration section */
		23C7D8C41C9356AC00FE77A3 /* Debug */ = {
			isa = XCBuildConfiguration;
			buildSettings = {
				ALWAYS_SEARCH_USER_PATHS = NO;
				CLANG_CXX_LANGUAGE_STANDARD = "gnu++0x";
				CLANG_CXX_LIBRARY = "libc++";
				CLANG_ENABLE_MODULES = YES;
				CLANG_ENABLE_OBJC_ARC = YES;
				CLANG_WARN_BOOL_CONVERSION = YES;
				CLANG_WARN_CONSTANT_CONVERSION = YES;
				CLANG_WARN_DIRECT_OBJC_ISA_USAGE = YES_ERROR;
				CLANG_WARN_EMPTY_BODY = YES;
				CLANG_WARN_ENUM_CONVERSION = YES;
				CLANG_WARN_INT_CONVERSION = YES;
				CLANG_WARN_OBJC_ROOT_CLASS = YES_ERROR;
				CLANG_WARN_UNREACHABLE_CODE = YES;
				CLANG_WARN__DUPLICATE_METHOD_MATCH = YES;
				"CODE_SIGN_IDENTITY[sdk=iphoneos*]" = "iPhone Developer";
				COPY_PHASE_STRIP = NO;
				DEBUG_INFORMATION_FORMAT = dwarf;
				ENABLE_STRICT_OBJC_MSGSEND = YES;
				ENABLE_TESTABILITY = YES;
				GCC_C_LANGUAGE_STANDARD = gnu99;
				GCC_DYNAMIC_NO_PIC = NO;
				GCC_NO_COMMON_BLOCKS = YES;
				GCC_OPTIMIZATION_LEVEL = 0;
				GCC_PREPROCESSOR_DEFINITIONS = (
					"DEBUG=1",
					"$(inherited)",
				);
				GCC_WARN_64_TO_32_BIT_CONVERSION = YES;
				GCC_WARN_ABOUT_RETURN_TYPE = YES_ERROR;
				GCC_WARN_UNDECLARED_SELECTOR = YES;
				GCC_WARN_UNINITIALIZED_AUTOS = YES_AGGRESSIVE;
				GCC_WARN_UNUSED_FUNCTION = YES;
				GCC_WARN_UNUSED_VARIABLE = YES;
				IPHONEOS_DEPLOYMENT_TARGET = 9.2;
				MTL_ENABLE_DEBUG_INFO = YES;
				ONLY_ACTIVE_ARCH = YES;
				SDKROOT = iphoneos;
				SWIFT_OPTIMIZATION_LEVEL = "-Onone";
				TARGETED_DEVICE_FAMILY = "1,2";
			};
			name = Debug;
		};
		23C7D8C51C9356AC00FE77A3 /* Release */ = {
			isa = XCBuildConfiguration;
			buildSettings = {
				ALWAYS_SEARCH_USER_PATHS = NO;
				CLANG_CXX_LANGUAGE_STANDARD = "gnu++0x";
				CLANG_CXX_LIBRARY = "libc++";
				CLANG_ENABLE_MODULES = YES;
				CLANG_ENABLE_OBJC_ARC = YES;
				CLANG_WARN_BOOL_CONVERSION = YES;
				CLANG_WARN_CONSTANT_CONVERSION = YES;
				CLANG_WARN_DIRECT_OBJC_ISA_USAGE = YES_ERROR;
				CLANG_WARN_EMPTY_BODY = YES;
				CLANG_WARN_ENUM_CONVERSION = YES;
				CLANG_WARN_INT_CONVERSION = YES;
				CLANG_WARN_OBJC_ROOT_CLASS = YES_ERROR;
				CLANG_WARN_UNREACHABLE_CODE = YES;
				CLANG_WARN__DUPLICATE_METHOD_MATCH = YES;
				"CODE_SIGN_IDENTITY[sdk=iphoneos*]" = "iPhone Developer";
				COPY_PHASE_STRIP = NO;
				DEBUG_INFORMATION_FORMAT = "dwarf-with-dsym";
				ENABLE_NS_ASSERTIONS = NO;
				ENABLE_STRICT_OBJC_MSGSEND = YES;
				GCC_C_LANGUAGE_STANDARD = gnu99;
				GCC_NO_COMMON_BLOCKS = YES;
				GCC_WARN_64_TO_32_BIT_CONVERSION = YES;
				GCC_WARN_ABOUT_RETURN_TYPE = YES_ERROR;
				GCC_WARN_UNDECLARED_SELECTOR = YES;
				GCC_WARN_UNINITIALIZED_AUTOS = YES_AGGRESSIVE;
				GCC_WARN_UNUSED_FUNCTION = YES;
				GCC_WARN_UNUSED_VARIABLE = YES;
				IPHONEOS_DEPLOYMENT_TARGET = 9.2;
				MTL_ENABLE_DEBUG_INFO = NO;
				SDKROOT = iphoneos;
				TARGETED_DEVICE_FAMILY = "1,2";
				VALIDATE_PRODUCT = YES;
			};
			name = Release;
		};
		23C7D8C71C9356AC00FE77A3 /* Debug */ = {
			isa = XCBuildConfiguration;
			buildSettings = {
				ASSETCATALOG_COMPILER_APPICON_NAME = AppIcon;
				CLANG_ENABLE_MODULES = YES;
				CODE_SIGN_IDENTITY = "iPhone Developer";
				INFOPLIST_FILE = MusicVideos/Info.plist;
				LD_RUNPATH_SEARCH_PATHS = "$(inherited) @executable_path/Frameworks";
				PRODUCT_BUNDLE_IDENTIFIER = nica.alabala.MusicVideos;
				PRODUCT_NAME = "$(TARGET_NAME)";
				SWIFT_OBJC_BRIDGING_HEADER = "MusicVideos/MusicVideos-Bridging-Header.h";
				SWIFT_OPTIMIZATION_LEVEL = "-Onone";
			};
			name = Debug;
		};
		23C7D8C81C9356AC00FE77A3 /* Release */ = {
			isa = XCBuildConfiguration;
			buildSettings = {
				ASSETCATALOG_COMPILER_APPICON_NAME = AppIcon;
				CLANG_ENABLE_MODULES = YES;
				CODE_SIGN_IDENTITY = "iPhone Developer";
				INFOPLIST_FILE = MusicVideos/Info.plist;
				LD_RUNPATH_SEARCH_PATHS = "$(inherited) @executable_path/Frameworks";
				PRODUCT_BUNDLE_IDENTIFIER = nica.alabala.MusicVideos;
				PRODUCT_NAME = "$(TARGET_NAME)";
				SWIFT_OBJC_BRIDGING_HEADER = "MusicVideos/MusicVideos-Bridging-Header.h";
			};
			name = Release;
		};
/* End XCBuildConfiguration section */

/* Begin XCConfigurationList section */
		23C7D8AF1C9356AC00FE77A3 /* Build configuration list for PBXProject "MusicVideos" */ = {
			isa = XCConfigurationList;
			buildConfigurations = (
				23C7D8C41C9356AC00FE77A3 /* Debug */,
				23C7D8C51C9356AC00FE77A3 /* Release */,
			);
			defaultConfigurationIsVisible = 0;
			defaultConfigurationName = Release;
		};
		23C7D8C61C9356AC00FE77A3 /* Build configuration list for PBXNativeTarget "MusicVideos" */ = {
			isa = XCConfigurationList;
			buildConfigurations = (
				23C7D8C71C9356AC00FE77A3 /* Debug */,
				23C7D8C81C9356AC00FE77A3 /* Release */,
			);
			defaultConfigurationIsVisible = 0;
		};
/* End XCConfigurationList section */
	};
	rootObject = 23C7D8AC1C9356AC00FE77A3 /* Project object */;
}
